
Microsoft Visual Studio Solution File, Format Version 12.00
Project("{FAE04EC0-301F-11D3-BF4B-00C04F79EFBC}") = "TasksManager.Api", "TasksManager.Api\TasksManager.Api.csproj", "{783895BF-9EC9-48DD-AB68-D194DCC05219}"
EndProject
Global
	GlobalSection(SolutionConfigurationPlatforms) = preSolution
		Debug|Any CPU = Debug|Any CPU
		Release|Any CPU = Release|Any CPU
	EndGlobalSection
	GlobalSection(ProjectConfigurationPlatforms) = postSolution
		{783895BF-9EC9-48DD-AB68-D194DCC05219}.Debug|Any CPU.ActiveCfg = Debug|Any CPU
		{783895BF-9EC9-48DD-AB68-D194DCC05219}.Debug|Any CPU.Build.0 = Debug|Any CPU
		{783895BF-9EC9-48DD-AB68-D194DCC05219}.Release|Any CPU.ActiveCfg = Release|Any CPU
		{783895BF-9EC9-48DD-AB68-D194DCC05219}.Release|Any CPU.Build.0 = Release|Any CPU
	EndGlobalSection
EndGlobal
